
Microsoft Visual Studio Solution File, Format Version 12.00
# Visual Studio Version 17
VisualStudioVersion = 17.0.31912.275
MinimumVisualStudioVersion = 10.0.40219.1
Project("{FAE04EC0-301F-11D3-BF4B-00C04F79EFBC}") = "VIN_LIB", "VIN_LIB\VIN_LIB.csproj", "{ECAF8233-6CA9-4C0C-A574-888BA445A9C0}"
EndProject
Project("{FAE04EC0-301F-11D3-BF4B-00C04F79EFBC}") = "REG_MARK_LIB", "REG_MARK_LIB\REG_MARK_LIB.csproj", "{7BF5C715-3966-4F2F-823F-B3D64FF234CC}"
EndProject
Project("{FAE04EC0-301F-11D3-BF4B-00C04F79EFBC}") = "LibrariesTest", "LibrariesTest\LibrariesTest.csproj", "{2D2216BC-AF9A-4329-873D-8D2C5BB8847F}"
EndProject
Global
	GlobalSection(SolutionConfigurationPlatforms) = preSolution
		Debug|Any CPU = Debug|Any CPU
		Release|Any CPU = Release|Any CPU
	EndGlobalSection
	GlobalSection(ProjectConfigurationPlatforms) = postSolution
		{ECAF8233-6CA9-4C0C-A574-888BA445A9C0}.Debug|Any CPU.ActiveCfg = Debug|Any CPU
		{ECAF8233-6CA9-4C0C-A574-888BA445A9C0}.Debug|Any CPU.Build.0 = Debug|Any CPU
		{ECAF8233-6CA9-4C0C-A574-888BA445A9C0}.Release|Any CPU.ActiveCfg = Release|Any CPU
		{ECAF8233-6CA9-4C0C-A574-888BA445A9C0}.Release|Any CPU.Build.0 = Release|Any CPU
		{7BF5C715-3966-4F2F-823F-B3D64FF234CC}.Debug|Any CPU.ActiveCfg = Debug|Any CPU
		{7BF5C715-3966-4F2F-823F-B3D64FF234CC}.Debug|Any CPU.Build.0 = Debug|Any CPU
		{7BF5C715-3966-4F2F-823F-B3D64FF234CC}.Release|Any CPU.ActiveCfg = Release|Any CPU
		{7BF5C715-3966-4F2F-823F-B3D64FF234CC}.Release|Any CPU.Build.0 = Release|Any CPU
		{2D2216BC-AF9A-4329-873D-8D2C5BB8847F}.Debug|Any CPU.ActiveCfg = Debug|Any CPU
		{2D2216BC-AF9A-4329-873D-8D2C5BB8847F}.Debug|Any CPU.Build.0 = Debug|Any CPU
		{2D2216BC-AF9A-4329-873D-8D2C5BB8847F}.Release|Any CPU.ActiveCfg = Release|Any CPU
		{2D2216BC-AF9A-4329-873D-8D2C5BB8847F}.Release|Any CPU.Build.0 = Release|Any CPU
	EndGlobalSection
	GlobalSection(SolutionProperties) = preSolution
		HideSolutionNode = FALSE
	EndGlobalSection
	GlobalSection(ExtensibilityGlobals) = postSolution
		SolutionGuid = {64512B56-3FFE-4887-AE87-0DB1F5A02D16}
	EndGlobalSection
EndGlobal
